
Microsoft Visual Studio Solution File, Format Version 12.00
# Visual Studio Version 16
VisualStudioVersion = 16.0.31321.278
MinimumVisualStudioVersion = 10.0.40219.1
Project("{FAE04EC0-301F-11D3-BF4B-00C04F79EFBC}") = "Assignment 3_Web look and feel", "Assignment 3_Web look and feel.csproj", "{7BA21009-7194-47DF-87EA-279A88C1D432}"
EndProject
Global
	GlobalSection(SolutionConfigurationPlatforms) = preSolution
		Debug|Any CPU = Debug|Any CPU
		Release|Any CPU = Release|Any CPU
	EndGlobalSection
	GlobalSection(ProjectConfigurationPlatforms) = postSolution
		{7BA21009-7194-47DF-87EA-279A88C1D432}.Debug|Any CPU.ActiveCfg = Debug|Any CPU
		{7BA21009-7194-47DF-87EA-279A88C1D432}.Debug|Any CPU.Build.0 = Debug|Any CPU
		{7BA21009-7194-47DF-87EA-279A88C1D432}.Release|Any CPU.ActiveCfg = Release|Any CPU
		{7BA21009-7194-47DF-87EA-279A88C1D432}.Release|Any CPU.Build.0 = Release|Any CPU
	EndGlobalSection
	GlobalSection(SolutionProperties) = preSolution
		HideSolutionNode = FALSE
	EndGlobalSection
	GlobalSection(ExtensibilityGlobals) = postSolution
		SolutionGuid = {5B0612E5-79E5-4CAB-9328-B690A2D82F07}
	EndGlobalSection
EndGlobal
